// !$*UTF8*$!
{
	archiveVersion = 1;
	classes = {
	};
	objectVersion = 50;
	objects = {

/* Begin PBXBuildFile section */
		2EFAB1E724194D220058DCB4 /* AppDelegate.swift in Sources */ = {isa = PBXBuildFile; fileRef = 2EFAB1E624194D220058DCB4 /* AppDelegate.swift */; };
		2EFAB1E924194D220058DCB4 /* SceneDelegate.swift in Sources */ = {isa = PBXBuildFile; fileRef = 2EFAB1E824194D220058DCB4 /* SceneDelegate.swift */; };
		2EFAB1EB24194D220058DCB4 /* ViewController.swift in Sources */ = {isa = PBXBuildFile; fileRef = 2EFAB1EA24194D220058DCB4 /* ViewController.swift */; };
		2EFAB1EE24194D220058DCB4 /* Main.storyboard in Resources */ = {isa = PBXBuildFile; fileRef = 2EFAB1EC24194D220058DCB4 /* Main.storyboard */; };
		2EFAB1F024194D270058DCB4 /* Assets.xcassets in Resources */ = {isa = PBXBuildFile; fileRef = 2EFAB1EF24194D270058DCB4 /* Assets.xcassets */; };
		2EFAB1F324194D270058DCB4 /* LaunchScreen.storyboard in Resources */ = {isa = PBXBuildFile; fileRef = 2EFAB1F124194D270058DCB4 /* LaunchScreen.storyboard */; };
		2EFAB1FE24194D270058DCB4 /* cleanroof_testTests.swift in Sources */ = {isa = PBXBuildFile; fileRef = 2EFAB1FD24194D270058DCB4 /* cleanroof_testTests.swift */; };
/* End PBXBuildFile section */

/* Begin PBXContainerItemProxy section */
		2EFAB1FA24194D270058DCB4 /* PBXContainerItemProxy */ = {
			isa = PBXContainerItemProxy;
			containerPortal = 2EFAB1DB24194D210058DCB4 /* Project object */;
			proxyType = 1;
			remoteGlobalIDString = 2EFAB1E224194D220058DCB4;
			remoteInfo = "cleanroof-test";
		};
/* End PBXContainerItemProxy section */

/* Begin PBXFileReference section */
		2EFAB1E324194D220058DCB4 /* cleanroof-test.app */ = {isa = PBXFileReference; explicitFileType = wrapper.application; includeInIndex = 0; path = "cleanroof-test.app"; sourceTree = BUILT_PRODUCTS_DIR; };
		2EFAB1E624194D220058DCB4 /* AppDelegate.swift */ = {isa = PBXFileReference; lastKnownFileType = sourcecode.swift; path = AppDelegate.swift; sourceTree = "<group>"; };
		2EFAB1E824194D220058DCB4 /* SceneDelegate.swift */ = {isa = PBXFileReference; lastKnownFileType = sourcecode.swift; path = SceneDelegate.swift; sourceTree = "<group>"; };
		2EFAB1EA24194D220058DCB4 /* ViewController.swift */ = {isa = PBXFileReference; lastKnownFileType = sourcecode.swift; path = ViewController.swift; sourceTree = "<group>"; };
		2EFAB1ED24194D220058DCB4 /* Base */ = {isa = PBXFileReference; lastKnownFileType = file.storyboard; name = Base; path = Base.lproj/Main.storyboard; sourceTree = "<group>"; };
		2EFAB1EF24194D270058DCB4 /* Assets.xcassets */ = {isa = PBXFileReference; lastKnownFileType = folder.assetcatalog; path = Assets.xcassets; sourceTree = "<group>"; };
		2EFAB1F224194D270058DCB4 /* Base */ = {isa = PBXFileReference; lastKnownFileType = file.storyboard; name = Base; path = Base.lproj/LaunchScreen.storyboard; sourceTree = "<group>"; };
		2EFAB1F424194D270058DCB4 /* Info.plist */ = {isa = PBXFileReference; lastKnownFileType = text.plist.xml; path = Info.plist; sourceTree = "<group>"; };
		2EFAB1F924194D270058DCB4 /* cleanroof-testTests.xctest */ = {isa = PBXFileReference; explicitFileType = wrapper.cfbundle; includeInIndex = 0; path = "cleanroof-testTests.xctest"; sourceTree = BUILT_PRODUCTS_DIR; };
		2EFAB1FD24194D270058DCB4 /* cleanroof_testTests.swift */ = {isa = PBXFileReference; lastKnownFileType = sourcecode.swift; path = cleanroof_testTests.swift; sourceTree = "<group>"; };
		2EFAB1FF24194D270058DCB4 /* Info.plist */ = {isa = PBXFileReference; lastKnownFileType = text.plist.xml; path = Info.plist; sourceTree = "<group>"; };
/* End PBXFileReference section */

/* Begin PBXFrameworksBuildPhase section */
		2EFAB1E024194D220058DCB4 /* Frameworks */ = {
			isa = PBXFrameworksBuildPhase;
			buildActionMask = 2147483647;
			files = (
			);
			runOnlyForDeploymentPostprocessing = 0;
		};
		2EFAB1F624194D270058DCB4 /* Frameworks */ = {
			isa = PBXFrameworksBuildPhase;
			buildActionMask = 2147483647;
			files = (
			);
			runOnlyForDeploymentPostprocessing = 0;
		};
/* End PBXFrameworksBuildPhase section */

/* Begin PBXGroup section */
		2EFAB1DA24194D210058DCB4 = {
			isa = PBXGroup;
			children = (
				2EFAB1E524194D220058DCB4 /* cleanroof-test */,
				2EFAB1FC24194D270058DCB4 /* cleanroof-testTests */,
				2EFAB1E424194D220058DCB4 /* Products */,
			);
			sourceTree = "<group>";
		};
		2EFAB1E424194D220058DCB4 /* Products */ = {
			isa = PBXGroup;
			children = (
				2EFAB1E324194D220058DCB4 /* cleanroof-test.app */,
				2EFAB1F924194D270058DCB4 /* cleanroof-testTests.xctest */,
			);
			name = Products;
			sourceTree = "<group>";
		};
		2EFAB1E524194D220058DCB4 /* cleanroof-test */ = {
			isa = PBXGroup;
			children = (
				2EFAB1E624194D220058DCB4 /* AppDelegate.swift */,
				2EFAB1E824194D220058DCB4 /* SceneDelegate.swift */,
				2EFAB1EA24194D220058DCB4 /* ViewController.swift */,
				2EFAB1EC24194D220058DCB4 /* Main.storyboard */,
				2EFAB1EF24194D270058DCB4 /* Assets.xcassets */,
				2EFAB1F124194D270058DCB4 /* LaunchScreen.storyboard */,
				2EFAB1F424194D270058DCB4 /* Info.plist */,
			);
			path = "cleanroof-test";
			sourceTree = "<group>";
		};
		2EFAB1FC24194D270058DCB4 /* cleanroof-testTests */ = {
			isa = PBXGroup;
			children = (
				2EFAB1FD24194D270058DCB4 /* cleanroof_testTests.swift */,
				2EFAB1FF24194D270058DCB4 /* Info.plist */,
			);
			path = "cleanroof-testTests";
			sourceTree = "<group>";
		};
/* End PBXGroup section */

/* Begin PBXNativeTarget section */
		2EFAB1E224194D220058DCB4 /* cleanroof-test */ = {
			isa = PBXNativeTarget;
			buildConfigurationList = 2EFAB20224194D270058DCB4 /* Build configuration list for PBXNativeTarget "cleanroof-test" */;
			buildPhases = (
				2EFAB1DF24194D220058DCB4 /* Sources */,
				2EFAB1E024194D220058DCB4 /* Frameworks */,
				2EFAB1E124194D220058DCB4 /* Resources */,
			);
			buildRules = (
			);
			dependencies = (
			);
			name = "cleanroof-test";
			productName = "cleanroof-test";
			productReference = 2EFAB1E324194D220058DCB4 /* cleanroof-test.app */;
			productType = "com.apple.product-type.application";
		};
		2EFAB1F824194D270058DCB4 /* cleanroof-testTests */ = {
			isa = PBXNativeTarget;
			buildConfigurationList = 2EFAB20524194D270058DCB4 /* Build configuration list for PBXNativeTarget "cleanroof-testTests" */;
			buildPhases = (
				2EFAB1F524194D270058DCB4 /* Sources */,
				2EFAB1F624194D270058DCB4 /* Frameworks */,
				2EFAB1F724194D270058DCB4 /* Resources */,
			);
			buildRules = (
			);
			dependencies = (
				2EFAB1FB24194D270058DCB4 /* PBXTargetDependency */,
			);
			name = "cleanroof-testTests";
			productName = "cleanroof-testTests";
			productReference = 2EFAB1F924194D270058DCB4 /* cleanroof-testTests.xctest */;
			productType = "com.apple.product-type.bundle.unit-test";
		};
/* End PBXNativeTarget section */

/* Begin PBXProject section */
		2EFAB1DB24194D210058DCB4 /* Project object */ = {
			isa = PBXProject;
			attributes = {
				LastSwiftUpdateCheck = 1130;
				LastUpgradeCheck = 1130;
				ORGANIZATIONNAME = "Roman Guseynov";
				TargetAttributes = {
					2EFAB1E224194D220058DCB4 = {
						CreatedOnToolsVersion = 11.3.1;
					};
					2EFAB1F824194D270058DCB4 = {
						CreatedOnToolsVersion = 11.3.1;
						TestTargetID = 2EFAB1E224194D220058DCB4;
					};
				};
			};
			buildConfigurationList = 2EFAB1DE24194D210058DCB4 /* Build configuration list for PBXProject "cleanroof-test" */;
			compatibilityVersion = "Xcode 9.3";
			developmentRegion = en;
			hasScannedForEncodings = 0;
			knownRegions = (
				en,
				Base,
			);
			mainGroup = 2EFAB1DA24194D210058DCB4;
			productRefGroup = 2EFAB1E424194D220058DCB4 /* Products */;
			projectDirPath = "";
			projectRoot = "";
			targets = (
				2EFAB1E224194D220058DCB4 /* cleanroof-test */,
				2EFAB1F824194D270058DCB4 /* cleanroof-testTests */,
			);
		};
/* End PBXProject section */

/* Begin PBXResourcesBuildPhase section */
		2EFAB1E124194D220058DCB4 /* Resources */ = {
			isa = PBXResourcesBuildPhase;
			buildActionMask = 2147483647;
			files = (
				2EFAB1F324194D270058DCB4 /* LaunchScreen.storyboard in Resources */,
				2EFAB1F024194D270058DCB4 /* Assets.xcassets in Resources */,
				2EFAB1EE24194D220058DCB4 /* Main.storyboard in Resources */,
			);
			runOnlyForDeploymentPostprocessing = 0;
		};
		2EFAB1F724194D270058DCB4 /* Resources */ = {
			isa = PBXResourcesBuildPhase;
			buildActionMask = 2147483647;
			files = (
			);
			runOnlyForDeploymentPostprocessing = 0;
		};
/* End PBXResourcesBuildPhase section */

/* Begin PBXSourcesBuildPhase section */
		2EFAB1DF24194D220058DCB4 /* Sources */ = {
			isa = PBXSourcesBuildPhase;
			buildActionMask = 2147483647;
			files = (
				2EFAB1EB24194D220058DCB4 /* ViewController.swift in Sources */,
				2EFAB1E724194D220058DCB4 /* AppDelegate.swift in Sources */,
				2EFAB1E924194D220058DCB4 /* SceneDelegate.swift in Sources */,
			);
			runOnlyForDeploymentPostprocessing = 0;
		};
		2EFAB1F524194D270058DCB4 /* Sources */ = {
			isa = PBXSourcesBuildPhase;
			buildActionMask = 2147483647;
			files = (
				2EFAB1FE24194D270058DCB4 /* cleanroof_testTests.swift in Sources */,
			);
			runOnlyForDeploymentPostprocessing = 0;
		};
/* End PBXSourcesBuildPhase section */

/* Begin PBXTargetDependency section */
		2EFAB1FB24194D270058DCB4 /* PBXTargetDependency */ = {
			isa = PBXTargetDependency;
			target = 2EFAB1E224194D220058DCB4 /* cleanroof-test */;
			targetProxy = 2EFAB1FA24194D270058DCB4 /* PBXContainerItemProxy */;
		};
/* End PBXTargetDependency section */

/* Begin PBXVariantGroup section */
		2EFAB1EC24194D220058DCB4 /* Main.storyboard */ = {
			isa = PBXVariantGroup;
			children = (
				2EFAB1ED24194D220058DCB4 /* Base */,
			);
			name = Main.storyboard;
			sourceTree = "<group>";
		};
		2EFAB1F124194D270058DCB4 /* LaunchScreen.storyboard */ = {
			isa = PBXVariantGroup;
			children = (
				2EFAB1F224194D270058DCB4 /* Base */,
			);
			name = LaunchScreen.storyboard;
			sourceTree = "<group>";
		};
/* End PBXVariantGroup section */

/* Begin XCBuildConfiguration section */
		2EFAB20024194D270058DCB4 /* Debug */ = {
			isa = XCBuildConfiguration;
			buildSettings = {
				ALWAYS_SEARCH_USER_PATHS = NO;
				CLANG_ANALYZER_NONNULL = YES;
				CLANG_ANALYZER_NUMBER_OBJECT_CONVERSION = YES_AGGRESSIVE;
				CLANG_CXX_LANGUAGE_STANDARD = "gnu++14";
				CLANG_CXX_LIBRARY = "libc++";
				CLANG_ENABLE_MODULES = YES;
				CLANG_ENABLE_OBJC_ARC = YES;
				CLANG_ENABLE_OBJC_WEAK = YES;
				CLANG_WARN_BLOCK_CAPTURE_AUTORELEASING = YES;
				CLANG_WARN_BOOL_CONVERSION = YES;
				CLANG_WARN_COMMA = YES;
				CLANG_WARN_CONSTANT_CONVERSION = YES;
				CLANG_WARN_DEPRECATED_OBJC_IMPLEMENTATIONS = YES;
				CLANG_WARN_DIRECT_OBJC_ISA_USAGE = YES_ERROR;
				CLANG_WARN_DOCUMENTATION_COMMENTS = YES;
				CLANG_WARN_EMPTY_BODY = YES;
				CLANG_WARN_ENUM_CONVERSION = YES;
				CLANG_WARN_INFINITE_RECURSION = YES;
				CLANG_WARN_INT_CONVERSION = YES;
				CLANG_WARN_NON_LITERAL_NULL_CONVERSION = YES;
				CLANG_WARN_OBJC_IMPLICIT_RETAIN_SELF = YES;
				CLANG_WARN_OBJC_LITERAL_CONVERSION = YES;
				CLANG_WARN_OBJC_ROOT_CLASS = YES_ERROR;
				CLANG_WARN_RANGE_LOOP_ANALYSIS = YES;
				CLANG_WARN_STRICT_PROTOTYPES = YES;
				CLANG_WARN_SUSPICIOUS_MOVE = YES;
				CLANG_WARN_UNGUARDED_AVAILABILITY = YES_AGGRESSIVE;
				CLANG_WARN_UNREACHABLE_CODE = YES;
				CLANG_WARN__DUPLICATE_METHOD_MATCH = YES;
				COPY_PHASE_STRIP = NO;
				DEBUG_INFORMATION_FORMAT = dwarf;
				ENABLE_STRICT_OBJC_MSGSEND = YES;
				ENABLE_TESTABILITY = YES;
				GCC_C_LANGUAGE_STANDARD = gnu11;
				GCC_DYNAMIC_NO_PIC = NO;
				GCC_NO_COMMON_BLOCKS = YES;
				GCC_OPTIMIZATION_LEVEL = 0;
				GCC_PREPROCESSOR_DEFINITIONS = (
					"DEBUG=1",
					"$(inherited)",
				);
				GCC_WARN_64_TO_32_BIT_CONVERSION = YES;
				GCC_WARN_ABOUT_RETURN_TYPE = YES_ERROR;
				GCC_WARN_UNDECLARED_SELECTOR = YES;
				GCC_WARN_UNINITIALIZED_AUTOS = YES_AGGRESSIVE;
				GCC_WARN_UNUSED_FUNCTION = YES;
				GCC_WARN_UNUSED_VARIABLE = YES;
				IPHONEOS_DEPLOYMENT_TARGET = 13.2;
				MTL_ENABLE_DEBUG_INFO = INCLUDE_SOURCE;
				MTL_FAST_MATH = YES;
				ONLY_ACTIVE_ARCH = YES;
				SDKROOT = iphoneos;
				SWIFT_ACTIVE_COMPILATION_CONDITIONS = DEBUG;
				SWIFT_OPTIMIZATION_LEVEL = "-Onone";
			};
			name = Debug;
		};
		2EFAB20124194D270058DCB4 /* Release */ = {
			isa = XCBuildConfiguration;
			buildSettings = {
				ALWAYS_SEARCH_USER_PATHS = NO;
				CLANG_ANALYZER_NONNULL = YES;
				CLANG_ANALYZER_NUMBER_OBJECT_CONVERSION = YES_AGGRESSIVE;
				CLANG_CXX_LANGUAGE_STANDARD = "gnu++14";
				CLANG_CXX_LIBRARY = "libc++";
				CLANG_ENABLE_MODULES = YES;
				CLANG_ENABLE_OBJC_ARC = YES;
				CLANG_ENABLE_OBJC_WEAK = YES;
				CLANG_WARN_BLOCK_CAPTURE_AUTORELEASING = YES;
				CLANG_WARN_BOOL_CONVERSION = YES;
				CLANG_WARN_COMMA = YES;
				CLANG_WARN_CONSTANT_CONVERSION = YES;
				CLANG_WARN_DEPRECATED_OBJC_IMPLEMENTATIONS = YES;
				CLANG_WARN_DIRECT_OBJC_ISA_USAGE = YES_ERROR;
				CLANG_WARN_DOCUMENTATION_COMMENTS = YES;
				CLANG_WARN_EMPTY_BODY = YES;
				CLANG_WARN_ENUM_CONVERSION = YES;
				CLANG_WARN_INFINITE_RECURSION = YES;
				CLANG_WARN_INT_CONVERSION = YES;
				CLANG_WARN_NON_LITERAL_NULL_CONVERSION = YES;
				CLANG_WARN_OBJC_IMPLICIT_RETAIN_SELF = YES;
				CLANG_WARN_OBJC_LITERAL_CONVERSION = YES;
				CLANG_WARN_OBJC_ROOT_CLASS = YES_ERROR;
				CLANG_WARN_RANGE_LOOP_ANALYSIS = YES;
				CLANG_WARN_STRICT_PROTOTYPES = YES;
				CLANG_WARN_SUSPICIOUS_MOVE = YES;
				CLANG_WARN_UNGUARDED_AVAILABILITY = YES_AGGRESSIVE;
				CLANG_WARN_UNREACHABLE_CODE = YES;
				CLANG_WARN__DUPLICATE_METHOD_MATCH = YES;
				COPY_PHASE_STRIP = NO;
				DEBUG_INFORMATION_FORMAT = "dwarf-with-dsym";
				ENABLE_NS_ASSERTIONS = NO;
				ENABLE_STRICT_OBJC_MSGSEND = YES;
				GCC_C_LANGUAGE_STANDARD = gnu11;
				GCC_NO_COMMON_BLOCKS = YES;
				GCC_WARN_64_TO_32_BIT_CONVERSION = YES;
				GCC_WARN_ABOUT_RETURN_TYPE = YES_ERROR;
				GCC_WARN_UNDECLARED_SELECTOR = YES;
				GCC_WARN_UNINITIALIZED_AUTOS = YES_AGGRESSIVE;
				GCC_WARN_UNUSED_FUNCTION = YES;
				GCC_WARN_UNUSED_VARIABLE = YES;
				IPHONEOS_DEPLOYMENT_TARGET = 13.2;
				MTL_ENABLE_DEBUG_INFO = NO;
				MTL_FAST_MATH = YES;
				SDKROOT = iphoneos;
				SWIFT_COMPILATION_MODE = wholemodule;
				SWIFT_OPTIMIZATION_LEVEL = "-O";
				VALIDATE_PRODUCT = YES;
			};
			name = Release;
		};
		2EFAB20324194D270058DCB4 /* Debug */ = {
			isa = XCBuildConfiguration;
			buildSettings = {
				ASSETCATALOG_COMPILER_APPICON_NAME = AppIcon;
				CODE_SIGN_STYLE = Automatic;
				DEVELOPMENT_TEAM = WSRUWJK48Z;
				INFOPLIST_FILE = "cleanroof-test/Info.plist";
				LD_RUNPATH_SEARCH_PATHS = (
					"$(inherited)",
					"@executable_path/Frameworks",
				);
				PRODUCT_BUNDLE_IDENTIFIER = "org.guseynov.cleanroof-test";
				PRODUCT_NAME = "$(TARGET_NAME)";
				SWIFT_VERSION = 5.0;
				TARGETED_DEVICE_FAMILY = "1,2";
			};
			name = Debug;
		};
		2EFAB20424194D270058DCB4 /* Release */ = {
			isa = XCBuildConfiguration;
			buildSettings = {
				ASSETCATALOG_COMPILER_APPICON_NAME = AppIcon;
				CODE_SIGN_STYLE = Automatic;
				DEVELOPMENT_TEAM = WSRUWJK48Z;
				INFOPLIST_FILE = "cleanroof-test/Info.plist";
				LD_RUNPATH_SEARCH_PATHS = (
					"$(inherited)",
					"@executable_path/Frameworks",
				);
				PRODUCT_BUNDLE_IDENTIFIER = "org.guseynov.cleanroof-test";
				PRODUCT_NAME = "$(TARGET_NAME)";
				SWIFT_VERSION = 5.0;
				TARGETED_DEVICE_FAMILY = "1,2";
			};
			name = Release;
		};
		2EFAB20624194D270058DCB4 /* Debug */ = {
			isa = XCBuildConfiguration;
			buildSettings = {
				ALWAYS_EMBED_SWIFT_STANDARD_LIBRARIES = YES;
				BUNDLE_LOADER = "$(TEST_HOST)";
				CODE_SIGN_STYLE = Automatic;
				DEVELOPMENT_TEAM = WSRUWJK48Z;
				INFOPLIST_FILE = "cleanroof-testTests/Info.plist";
				IPHONEOS_DEPLOYMENT_TARGET = 13.2;
				LD_RUNPATH_SEARCH_PATHS = (
					"$(inherited)",
					"@executable_path/Frameworks",
					"@loader_path/Frameworks",
				);
				PRODUCT_BUNDLE_IDENTIFIER = "org.guseynov.cleanroof-testTests";
				PRODUCT_NAME = "$(TARGET_NAME)";
				SWIFT_VERSION = 5.0;
				TARGETED_DEVICE_FAMILY = "1,2";
				TEST_HOST = "$(BUILT_PRODUCTS_DIR)/cleanroof-test.app/cleanroof-test";
			};
			name = Debug;
		};
		2EFAB20724194D270058DCB4 /* Release */ = {
			isa = XCBuildConfiguration;
			buildSettings = {
				ALWAYS_EMBED_SWIFT_STANDARD_LIBRARIES = YES;
				BUNDLE_LOADER = "$(TEST_HOST)";
				CODE_SIGN_STYLE = Automatic;
				DEVELOPMENT_TEAM = WSRUWJK48Z;
				INFOPLIST_FILE = "cleanroof-testTests/Info.plist";
				IPHONEOS_DEPLOYMENT_TARGET = 13.2;
				LD_RUNPATH_SEARCH_PATHS = (
					"$(inherited)",
					"@executable_path/Frameworks",
					"@loader_path/Frameworks",
				);
				PRODUCT_BUNDLE_IDENTIFIER = "org.guseynov.cleanroof-testTests";
				PRODUCT_NAME = "$(TARGET_NAME)";
				SWIFT_VERSION = 5.0;
				TARGETED_DEVICE_FAMILY = "1,2";
				TEST_HOST = "$(BUILT_PRODUCTS_DIR)/cleanroof-test.app/cleanroof-test";
			};
			name = Release;
		};
/* End XCBuildConfiguration section */

/* Begin XCConfigurationList section */
		2EFAB1DE24194D210058DCB4 /* Build configuration list for PBXProject "cleanroof-test" */ = {
			isa = XCConfigurationList;
			buildConfigurations = (
				2EFAB20024194D270058DCB4 /* Debug */,
				2EFAB20124194D270058DCB4 /* Release */,
			);
			defaultConfigurationIsVisible = 0;
			defaultConfigurationName = Release;
		};
		2EFAB20224194D270058DCB4 /* Build configuration list for PBXNativeTarget "cleanroof-test" */ = {
			isa = XCConfigurationList;
			buildConfigurations = (
				2EFAB20324194D270058DCB4 /* Debug */,
				2EFAB20424194D270058DCB4 /* Release */,
			);
			defaultConfigurationIsVisible = 0;
			defaultConfigurationName = Release;
		};
		2EFAB20524194D270058DCB4 /* Build configuration list for PBXNativeTarget "cleanroof-testTests" */ = {
			isa = XCConfigurationList;
			buildConfigurations = (
				2EFAB20624194D270058DCB4 /* Debug */,
				2EFAB20724194D270058DCB4 /* Release */,
			);
			defaultConfigurationIsVisible = 0;
			defaultConfigurationName = Release;
		};
/* End XCConfigurationList section */
	};
	rootObject = 2EFAB1DB24194D210058DCB4 /* Project object */;
}
